
Microsoft Visual Studio Solution File, Format Version 12.00
# Visual Studio 2013
VisualStudioVersion = 12.0.40629.0
MinimumVisualStudioVersion = 10.0.40219.1
Project("{F184B08F-C81C-45F6-A57F-5ABD9991F28F}") = "Skypush", "Skypush\Skypush.vbproj", "{87D1EDF4-41EB-4E62-9978-E067316842A2}"
EndProject
Project("{2150E333-8FDC-42A3-9474-1A3956D46DE8}") = ".nuget", ".nuget", "{653C358A-B517-42A4-8D22-6B486E64F8AE}"
	ProjectSection(SolutionItems) = preProject
		.nuget\packages.config = .nuget\packages.config
	EndProjectSection
EndProject
Global
	GlobalSection(SolutionConfigurationPlatforms) = preSolution
		Debug|Any CPU = Debug|Any CPU
		Debug|x86 = Debug|x86
		Release|Any CPU = Release|Any CPU
		Release|x86 = Release|x86
	EndGlobalSection
	GlobalSection(ProjectConfigurationPlatforms) = postSolution
		{87D1EDF4-41EB-4E62-9978-E067316842A2}.Debug|Any CPU.ActiveCfg = Debug|Any CPU
		{87D1EDF4-41EB-4E62-9978-E067316842A2}.Debug|Any CPU.Build.0 = Debug|Any CPU
		{87D1EDF4-41EB-4E62-9978-E067316842A2}.Debug|x86.ActiveCfg = Debug|x86
		{87D1EDF4-41EB-4E62-9978-E067316842A2}.Debug|x86.Build.0 = Debug|x86
		{87D1EDF4-41EB-4E62-9978-E067316842A2}.Release|Any CPU.ActiveCfg = Release|Any CPU
		{87D1EDF4-41EB-4E62-9978-E067316842A2}.Release|Any CPU.Build.0 = Release|Any CPU
		{87D1EDF4-41EB-4E62-9978-E067316842A2}.Release|x86.ActiveCfg = Release|x86
		{87D1EDF4-41EB-4E62-9978-E067316842A2}.Release|x86.Build.0 = Release|x86
	EndGlobalSection
	GlobalSection(SolutionProperties) = preSolution
		HideSolutionNode = FALSE
	EndGlobalSection
EndGlobal
